
Microsoft Visual Studio Solution File, Format Version 12.00
# Visual Studio Version 17
VisualStudioVersion = 17.14.36429.23
MinimumVisualStudioVersion = 10.0.40219.1
Project("{FAE04EC0-301F-11D3-BF4B-00C04F79EFBC}") = "KSP Ukrainian Localization", "KSP Ukrainian Localization\KSP Ukrainian Localization.csproj", "{14C4E3AE-8E29-4C44-9DCA-FA1CEF5B6CC8}"
EndProject
Project("{2150E333-8FDC-42A3-9474-1A3956D46DE8}") = "GameData", "GameData", "{02EA681E-C7D8-13C7-8484-4AC65E1B71E8}"
EndProject
Project("{2150E333-8FDC-42A3-9474-1A3956D46DE8}") = "KSP Ukrainian Localization", "KSP Ukrainian Localization", "{AB44D08E-E444-4952-B9F6-B8233EF3A158}"
EndProject
Global
	GlobalSection(SolutionConfigurationPlatforms) = preSolution
		Debug|Any CPU = Debug|Any CPU
		Release|Any CPU = Release|Any CPU
	EndGlobalSection
	GlobalSection(ProjectConfigurationPlatforms) = postSolution
		{14C4E3AE-8E29-4C44-9DCA-FA1CEF5B6CC8}.Debug|Any CPU.ActiveCfg = Debug|Any CPU
		{14C4E3AE-8E29-4C44-9DCA-FA1CEF5B6CC8}.Debug|Any CPU.Build.0 = Debug|Any CPU
		{14C4E3AE-8E29-4C44-9DCA-FA1CEF5B6CC8}.Release|Any CPU.ActiveCfg = Release|Any CPU
		{14C4E3AE-8E29-4C44-9DCA-FA1CEF5B6CC8}.Release|Any CPU.Build.0 = Release|Any CPU
	EndGlobalSection
	GlobalSection(SolutionProperties) = preSolution
		HideSolutionNode = FALSE
	EndGlobalSection
	GlobalSection(NestedProjects) = preSolution
		{AB44D08E-E444-4952-B9F6-B8233EF3A158} = {02EA681E-C7D8-13C7-8484-4AC65E1B71E8}
	EndGlobalSection
	GlobalSection(ExtensibilityGlobals) = postSolution
		SolutionGuid = {79DC97AD-84A2-4CCD-BB72-4DE1E1BB13DB}
	EndGlobalSection
EndGlobal
